
Microsoft Visual Studio Solution File, Format Version 12.00
# Visual Studio Version 16
VisualStudioVersion = 16.0.32901.82
MinimumVisualStudioVersion = 10.0.40219.1
Project("{FAE04EC0-301F-11D3-BF4B-00C04F79EFBC}") = "Main Test", "Main Test\Main Test.csproj", "{6E9580DC-0E4F-4C1B-ADFC-E82F8E02453E}"
EndProject
Global
	GlobalSection(SolutionConfigurationPlatforms) = preSolution
		Debug|Any CPU = Debug|Any CPU
		Release|Any CPU = Release|Any CPU
	EndGlobalSection
	GlobalSection(ProjectConfigurationPlatforms) = postSolution
		{6E9580DC-0E4F-4C1B-ADFC-E82F8E02453E}.Debug|Any CPU.ActiveCfg = Debug|Any CPU
		{6E9580DC-0E4F-4C1B-ADFC-E82F8E02453E}.Debug|Any CPU.Build.0 = Debug|Any CPU
		{6E9580DC-0E4F-4C1B-ADFC-E82F8E02453E}.Release|Any CPU.ActiveCfg = Release|Any CPU
		{6E9580DC-0E4F-4C1B-ADFC-E82F8E02453E}.Release|Any CPU.Build.0 = Release|Any CPU
	EndGlobalSection
	GlobalSection(SolutionProperties) = preSolution
		HideSolutionNode = FALSE
	EndGlobalSection
	GlobalSection(ExtensibilityGlobals) = postSolution
		SolutionGuid = {2DD86574-A194-4AB9-AC2C-16799E7A55C6}
	EndGlobalSection
EndGlobal
